
Microsoft Visual Studio Solution File, Format Version 12.00
# Visual Studio Version 17
VisualStudioVersion = 17.4.33205.214
MinimumVisualStudioVersion = 10.0.40219.1
Project("{FAE04EC0-301F-11D3-BF4B-00C04F79EFBC}") = "Archiwizator", "Archiwizator\Archiwizator.csproj", "{4A511DA1-F294-4EBA-A85A-766D91DC3670}"
EndProject
Global
	GlobalSection(SolutionConfigurationPlatforms) = preSolution
		Debug|Any CPU = Debug|Any CPU
		Release|Any CPU = Release|Any CPU
	EndGlobalSection
	GlobalSection(ProjectConfigurationPlatforms) = postSolution
		{4A511DA1-F294-4EBA-A85A-766D91DC3670}.Debug|Any CPU.ActiveCfg = Debug|Any CPU
		{4A511DA1-F294-4EBA-A85A-766D91DC3670}.Debug|Any CPU.Build.0 = Debug|Any CPU
		{4A511DA1-F294-4EBA-A85A-766D91DC3670}.Release|Any CPU.ActiveCfg = Release|Any CPU
		{4A511DA1-F294-4EBA-A85A-766D91DC3670}.Release|Any CPU.Build.0 = Release|Any CPU
	EndGlobalSection
	GlobalSection(SolutionProperties) = preSolution
		HideSolutionNode = FALSE
	EndGlobalSection
	GlobalSection(ExtensibilityGlobals) = postSolution
		SolutionGuid = {0F3D8252-0561-457E-B997-1D7A71B58098}
	EndGlobalSection
EndGlobal
